// !$*UTF8*$!
{
	archiveVersion = 1;
	classes = {
	};
	objectVersion = 77;
	objects = {

/* Begin PBXBuildFile section */
		E8E46AE02DDB2A3400EB03E4 /* FirebaseAnalytics in Frameworks */ = {isa = PBXBuildFile; productRef = E8E46ADF2DDB2A3400EB03E4 /* FirebaseAnalytics */; };
		E8E46AE22DDB2A3400EB03E4 /* FirebaseAnalyticsOnDeviceConversion in Frameworks */ = {isa = PBXBuildFile; productRef = E8E46AE12DDB2A3400EB03E4 /* FirebaseAnalyticsOnDeviceConversion */; };
		E8E46AE42DDB2A3400EB03E4 /* FirebaseAnalyticsWithoutAdIdSupport in Frameworks */ = {isa = PBXBuildFile; productRef = E8E46AE32DDB2A3400EB03E4 /* FirebaseAnalyticsWithoutAdIdSupport */; };
		E8E46AE62DDB2A3400EB03E4 /* FirebaseAppCheck in Frameworks */ = {isa = PBXBuildFile; productRef = E8E46AE52DDB2A3400EB03E4 /* FirebaseAppCheck */; };
		E8E46AE82DDB2A3400EB03E4 /* FirebaseAppDistribution-Beta in Frameworks */ = {isa = PBXBuildFile; productRef = E8E46AE72DDB2A3400EB03E4 /* FirebaseAppDistribution-Beta */; };
		E8E46AEA2DDB2A3400EB03E4 /* FirebaseAuth in Frameworks */ = {isa = PBXBuildFile; productRef = E8E46AE92DDB2A3400EB03E4 /* FirebaseAuth */; };
		E8E46AEC2DDB2A3400EB03E4 /* FirebaseAuthCombine-Community in Frameworks */ = {isa = PBXBuildFile; productRef = E8E46AEB2DDB2A3400EB03E4 /* FirebaseAuthCombine-Community */; };
		E8E46AEE2DDB2A3400EB03E4 /* FirebaseCore in Frameworks */ = {isa = PBXBuildFile; productRef = E8E46AED2DDB2A3400EB03E4 /* FirebaseCore */; };
		E8E46AF02DDB2A3400EB03E4 /* FirebaseCrashlytics in Frameworks */ = {isa = PBXBuildFile; productRef = E8E46AEF2DDB2A3400EB03E4 /* FirebaseCrashlytics */; };
		E8E46AF22DDB2A3400EB03E4 /* FirebaseDatabase in Frameworks */ = {isa = PBXBuildFile; productRef = E8E46AF12DDB2A3400EB03E4 /* FirebaseDatabase */; };
		E8E46AF42DDB2A3400EB03E4 /* FirebaseDynamicLinks in Frameworks */ = {isa = PBXBuildFile; productRef = E8E46AF32DDB2A3400EB03E4 /* FirebaseDynamicLinks */; };
		E8E46AF62DDB2A3400EB03E4 /* FirebaseFirestore in Frameworks */ = {isa = PBXBuildFile; productRef = E8E46AF52DDB2A3400EB03E4 /* FirebaseFirestore */; };
		E8E46AF82DDB2A3400EB03E4 /* FirebaseFirestoreCombine-Community in Frameworks */ = {isa = PBXBuildFile; productRef = E8E46AF72DDB2A3400EB03E4 /* FirebaseFirestoreCombine-Community */; };
		E8E46AFA2DDB2A3400EB03E4 /* FirebaseFunctions in Frameworks */ = {isa = PBXBuildFile; productRef = E8E46AF92DDB2A3400EB03E4 /* FirebaseFunctions */; };
		E8E46AFC2DDB2A3400EB03E4 /* FirebaseFunctionsCombine-Community in Frameworks */ = {isa = PBXBuildFile; productRef = E8E46AFB2DDB2A3400EB03E4 /* FirebaseFunctionsCombine-Community */; };
		E8E46AFE2DDB2A3400EB03E4 /* FirebaseInAppMessaging-Beta in Frameworks */ = {isa = PBXBuildFile; productRef = E8E46AFD2DDB2A3400EB03E4 /* FirebaseInAppMessaging-Beta */; };
		E8E46B002DDB2A3400EB03E4 /* FirebaseInstallations in Frameworks */ = {isa = PBXBuildFile; productRef = E8E46AFF2DDB2A3400EB03E4 /* FirebaseInstallations */; };
		E8E46B022DDB2A3400EB03E4 /* FirebaseMLModelDownloader in Frameworks */ = {isa = PBXBuildFile; productRef = E8E46B012DDB2A3400EB03E4 /* FirebaseMLModelDownloader */; };
		E8E46B042DDB2A3400EB03E4 /* FirebaseMessaging in Frameworks */ = {isa = PBXBuildFile; productRef = E8E46B032DDB2A3400EB03E4 /* FirebaseMessaging */; };
		E8E46B062DDB2A3400EB03E4 /* FirebasePerformance in Frameworks */ = {isa = PBXBuildFile; productRef = E8E46B052DDB2A3400EB03E4 /* FirebasePerformance */; };
		E8E46B082DDB2A3400EB03E4 /* FirebaseRemoteConfig in Frameworks */ = {isa = PBXBuildFile; productRef = E8E46B072DDB2A3400EB03E4 /* FirebaseRemoteConfig */; };
		E8E46B0A2DDB2A3400EB03E4 /* FirebaseStorage in Frameworks */ = {isa = PBXBuildFile; productRef = E8E46B092DDB2A3400EB03E4 /* FirebaseStorage */; };
		E8E46B0C2DDB2A3400EB03E4 /* FirebaseStorageCombine-Community in Frameworks */ = {isa = PBXBuildFile; productRef = E8E46B0B2DDB2A3400EB03E4 /* FirebaseStorageCombine-Community */; };
		E8E46B0E2DDB2A3400EB03E4 /* FirebaseVertexAI in Frameworks */ = {isa = PBXBuildFile; productRef = E8E46B0D2DDB2A3400EB03E4 /* FirebaseVertexAI */; };
/* End PBXBuildFile section */

/* Begin PBXContainerItemProxy section */
		E8B475F92DD4B37F00806373 /* PBXContainerItemProxy */ = {
			isa = PBXContainerItemProxy;
			containerPortal = E8B475DF2DD4B37C00806373 /* Project object */;
			proxyType = 1;
			remoteGlobalIDString = E8B475E62DD4B37C00806373;
			remoteInfo = LoveBooks;
		};
		E8B476032DD4B37F00806373 /* PBXContainerItemProxy */ = {
			isa = PBXContainerItemProxy;
			containerPortal = E8B475DF2DD4B37C00806373 /* Project object */;
			proxyType = 1;
			remoteGlobalIDString = E8B475E62DD4B37C00806373;
			remoteInfo = LoveBooks;
		};
/* End PBXContainerItemProxy section */

/* Begin PBXFileReference section */
		E8B475E72DD4B37C00806373 /* LoveBooks.app */ = {isa = PBXFileReference; explicitFileType = wrapper.application; includeInIndex = 0; path = LoveBooks.app; sourceTree = BUILT_PRODUCTS_DIR; };
		E8B475F82DD4B37F00806373 /* LoveBooksTests.xctest */ = {isa = PBXFileReference; explicitFileType = wrapper.cfbundle; includeInIndex = 0; path = LoveBooksTests.xctest; sourceTree = BUILT_PRODUCTS_DIR; };
		E8B476022DD4B37F00806373 /* LoveBooksUITests.xctest */ = {isa = PBXFileReference; explicitFileType = wrapper.cfbundle; includeInIndex = 0; path = LoveBooksUITests.xctest; sourceTree = BUILT_PRODUCTS_DIR; };
/* End PBXFileReference section */

/* Begin PBXFileSystemSynchronizedRootGroup section */
		E8B475E92DD4B37C00806373 /* LoveBooks */ = {
			isa = PBXFileSystemSynchronizedRootGroup;
			path = LoveBooks;
			sourceTree = "<group>";
		};
		E8B475FB2DD4B37F00806373 /* LoveBooksTests */ = {
			isa = PBXFileSystemSynchronizedRootGroup;
			path = LoveBooksTests;
			sourceTree = "<group>";
		};
		E8B476052DD4B37F00806373 /* LoveBooksUITests */ = {
			isa = PBXFileSystemSynchronizedRootGroup;
			path = LoveBooksUITests;
			sourceTree = "<group>";
		};
/* End PBXFileSystemSynchronizedRootGroup section */

/* Begin PBXFrameworksBuildPhase section */
		E8B475E42DD4B37C00806373 /* Frameworks */ = {
			isa = PBXFrameworksBuildPhase;
			buildActionMask = 2147483647;
			files = (
				E8E46AF82DDB2A3400EB03E4 /* FirebaseFirestoreCombine-Community in Frameworks */,
				E8E46B0E2DDB2A3400EB03E4 /* FirebaseVertexAI in Frameworks */,
				E8E46AFA2DDB2A3400EB03E4 /* FirebaseFunctions in Frameworks */,
				E8E46B062DDB2A3400EB03E4 /* FirebasePerformance in Frameworks */,
				E8E46B0C2DDB2A3400EB03E4 /* FirebaseStorageCombine-Community in Frameworks */,
				E8E46B082DDB2A3400EB03E4 /* FirebaseRemoteConfig in Frameworks */,
				E8E46AF22DDB2A3400EB03E4 /* FirebaseDatabase in Frameworks */,
				E8E46AF42DDB2A3400EB03E4 /* FirebaseDynamicLinks in Frameworks */,
				E8E46AE62DDB2A3400EB03E4 /* FirebaseAppCheck in Frameworks */,
				E8E46AEA2DDB2A3400EB03E4 /* FirebaseAuth in Frameworks */,
				E8E46AE02DDB2A3400EB03E4 /* FirebaseAnalytics in Frameworks */,
				E8E46AF62DDB2A3400EB03E4 /* FirebaseFirestore in Frameworks */,
				E8E46B042DDB2A3400EB03E4 /* FirebaseMessaging in Frameworks */,
				E8E46B002DDB2A3400EB03E4 /* FirebaseInstallations in Frameworks */,
				E8E46AFC2DDB2A3400EB03E4 /* FirebaseFunctionsCombine-Community in Frameworks */,
				E8E46AE82DDB2A3400EB03E4 /* FirebaseAppDistribution-Beta in Frameworks */,
				E8E46AE42DDB2A3400EB03E4 /* FirebaseAnalyticsWithoutAdIdSupport in Frameworks */,
				E8E46AFE2DDB2A3400EB03E4 /* FirebaseInAppMessaging-Beta in Frameworks */,
				E8E46AEC2DDB2A3400EB03E4 /* FirebaseAuthCombine-Community in Frameworks */,
				E8E46AF02DDB2A3400EB03E4 /* FirebaseCrashlytics in Frameworks */,
				E8E46B022DDB2A3400EB03E4 /* FirebaseMLModelDownloader in Frameworks */,
				E8E46B0A2DDB2A3400EB03E4 /* FirebaseStorage in Frameworks */,
				E8E46AEE2DDB2A3400EB03E4 /* FirebaseCore in Frameworks */,
				E8E46AE22DDB2A3400EB03E4 /* FirebaseAnalyticsOnDeviceConversion in Frameworks */,
			);
			runOnlyForDeploymentPostprocessing = 0;
		};
		E8B475F52DD4B37F00806373 /* Frameworks */ = {
			isa = PBXFrameworksBuildPhase;
			buildActionMask = 2147483647;
			files = (
			);
			runOnlyForDeploymentPostprocessing = 0;
		};
		E8B475FF2DD4B37F00806373 /* Frameworks */ = {
			isa = PBXFrameworksBuildPhase;
			buildActionMask = 2147483647;
			files = (
			);
			runOnlyForDeploymentPostprocessing = 0;
		};
/* End PBXFrameworksBuildPhase section */

/* Begin PBXGroup section */
		E8B475DE2DD4B37C00806373 = {
			isa = PBXGroup;
			children = (
				E8B475E92DD4B37C00806373 /* LoveBooks */,
				E8B475FB2DD4B37F00806373 /* LoveBooksTests */,
				E8B476052DD4B37F00806373 /* LoveBooksUITests */,
				E8B475E82DD4B37C00806373 /* Products */,
			);
			sourceTree = "<group>";
		};
		E8B475E82DD4B37C00806373 /* Products */ = {
			isa = PBXGroup;
			children = (
				E8B475E72DD4B37C00806373 /* LoveBooks.app */,
				E8B475F82DD4B37F00806373 /* LoveBooksTests.xctest */,
				E8B476022DD4B37F00806373 /* LoveBooksUITests.xctest */,
			);
			name = Products;
			sourceTree = "<group>";
		};
/* End PBXGroup section */

/* Begin PBXNativeTarget section */
		E8B475E62DD4B37C00806373 /* LoveBooks */ = {
			isa = PBXNativeTarget;
			buildConfigurationList = E8B4760C2DD4B37F00806373 /* Build configuration list for PBXNativeTarget "LoveBooks" */;
			buildPhases = (
				E8B475E32DD4B37C00806373 /* Sources */,
				E8B475E42DD4B37C00806373 /* Frameworks */,
				E8B475E52DD4B37C00806373 /* Resources */,
			);
			buildRules = (
			);
			dependencies = (
			);
			fileSystemSynchronizedGroups = (
				E8B475E92DD4B37C00806373 /* LoveBooks */,
			);
			name = LoveBooks;
			packageProductDependencies = (
				E8E46ADF2DDB2A3400EB03E4 /* FirebaseAnalytics */,
				E8E46AE12DDB2A3400EB03E4 /* FirebaseAnalyticsOnDeviceConversion */,
				E8E46AE32DDB2A3400EB03E4 /* FirebaseAnalyticsWithoutAdIdSupport */,
				E8E46AE52DDB2A3400EB03E4 /* FirebaseAppCheck */,
				E8E46AE72DDB2A3400EB03E4 /* FirebaseAppDistribution-Beta */,
				E8E46AE92DDB2A3400EB03E4 /* FirebaseAuth */,
				E8E46AEB2DDB2A3400EB03E4 /* FirebaseAuthCombine-Community */,
				E8E46AED2DDB2A3400EB03E4 /* FirebaseCore */,
				E8E46AEF2DDB2A3400EB03E4 /* FirebaseCrashlytics */,
				E8E46AF12DDB2A3400EB03E4 /* FirebaseDatabase */,
				E8E46AF32DDB2A3400EB03E4 /* FirebaseDynamicLinks */,
				E8E46AF52DDB2A3400EB03E4 /* FirebaseFirestore */,
				E8E46AF72DDB2A3400EB03E4 /* FirebaseFirestoreCombine-Community */,
				E8E46AF92DDB2A3400EB03E4 /* FirebaseFunctions */,
				E8E46AFB2DDB2A3400EB03E4 /* FirebaseFunctionsCombine-Community */,
				E8E46AFD2DDB2A3400EB03E4 /* FirebaseInAppMessaging-Beta */,
				E8E46AFF2DDB2A3400EB03E4 /* FirebaseInstallations */,
				E8E46B012DDB2A3400EB03E4 /* FirebaseMLModelDownloader */,
				E8E46B032DDB2A3400EB03E4 /* FirebaseMessaging */,
				E8E46B052DDB2A3400EB03E4 /* FirebasePerformance */,
				E8E46B072DDB2A3400EB03E4 /* FirebaseRemoteConfig */,
				E8E46B092DDB2A3400EB03E4 /* FirebaseStorage */,
				E8E46B0B2DDB2A3400EB03E4 /* FirebaseStorageCombine-Community */,
				E8E46B0D2DDB2A3400EB03E4 /* FirebaseVertexAI */,
			);
			productName = LoveBooks;
			productReference = E8B475E72DD4B37C00806373 /* LoveBooks.app */;
			productType = "com.apple.product-type.application";
		};
		E8B475F72DD4B37F00806373 /* LoveBooksTests */ = {
			isa = PBXNativeTarget;
			buildConfigurationList = E8B4760F2DD4B37F00806373 /* Build configuration list for PBXNativeTarget "LoveBooksTests" */;
			buildPhases = (
				E8B475F42DD4B37F00806373 /* Sources */,
				E8B475F52DD4B37F00806373 /* Frameworks */,
				E8B475F62DD4B37F00806373 /* Resources */,
			);
			buildRules = (
			);
			dependencies = (
				E8B475FA2DD4B37F00806373 /* PBXTargetDependency */,
			);
			fileSystemSynchronizedGroups = (
				E8B475FB2DD4B37F00806373 /* LoveBooksTests */,
			);
			name = LoveBooksTests;
			packageProductDependencies = (
			);
			productName = LoveBooksTests;
			productReference = E8B475F82DD4B37F00806373 /* LoveBooksTests.xctest */;
			productType = "com.apple.product-type.bundle.unit-test";
		};
		E8B476012DD4B37F00806373 /* LoveBooksUITests */ = {
			isa = PBXNativeTarget;
			buildConfigurationList = E8B476122DD4B37F00806373 /* Build configuration list for PBXNativeTarget "LoveBooksUITests" */;
			buildPhases = (
				E8B475FE2DD4B37F00806373 /* Sources */,
				E8B475FF2DD4B37F00806373 /* Frameworks */,
				E8B476002DD4B37F00806373 /* Resources */,
			);
			buildRules = (
			);
			dependencies = (
				E8B476042DD4B37F00806373 /* PBXTargetDependency */,
			);
			fileSystemSynchronizedGroups = (
				E8B476052DD4B37F00806373 /* LoveBooksUITests */,
			);
			name = LoveBooksUITests;
			packageProductDependencies = (
			);
			productName = LoveBooksUITests;
			productReference = E8B476022DD4B37F00806373 /* LoveBooksUITests.xctest */;
			productType = "com.apple.product-type.bundle.ui-testing";
		};
/* End PBXNativeTarget section */

/* Begin PBXProject section */
		E8B475DF2DD4B37C00806373 /* Project object */ = {
			isa = PBXProject;
			attributes = {
				BuildIndependentTargetsInParallel = 1;
				LastSwiftUpdateCheck = 1620;
				LastUpgradeCheck = 1620;
				TargetAttributes = {
					E8B475E62DD4B37C00806373 = {
						CreatedOnToolsVersion = 16.2;
					};
					E8B475F72DD4B37F00806373 = {
						CreatedOnToolsVersion = 16.2;
						TestTargetID = E8B475E62DD4B37C00806373;
					};
					E8B476012DD4B37F00806373 = {
						CreatedOnToolsVersion = 16.2;
						TestTargetID = E8B475E62DD4B37C00806373;
					};
				};
			};
			buildConfigurationList = E8B475E22DD4B37C00806373 /* Build configuration list for PBXProject "LoveBooks" */;
			developmentRegion = en;
			hasScannedForEncodings = 0;
			knownRegions = (
				en,
				Base,
			);
			mainGroup = E8B475DE2DD4B37C00806373;
			minimizedProjectReferenceProxies = 1;
			packageReferences = (
				E8E46ADE2DDB2A3300EB03E4 /* XCRemoteSwiftPackageReference "firebase-ios-sdk" */,
			);
			preferredProjectObjectVersion = 77;
			productRefGroup = E8B475E82DD4B37C00806373 /* Products */;
			projectDirPath = "";
			projectRoot = "";
			targets = (
				E8B475E62DD4B37C00806373 /* LoveBooks */,
				E8B475F72DD4B37F00806373 /* LoveBooksTests */,
				E8B476012DD4B37F00806373 /* LoveBooksUITests */,
			);
		};
/* End PBXProject section */

/* Begin PBXResourcesBuildPhase section */
		E8B475E52DD4B37C00806373 /* Resources */ = {
			isa = PBXResourcesBuildPhase;
			buildActionMask = 2147483647;
			files = (
			);
			runOnlyForDeploymentPostprocessing = 0;
		};
		E8B475F62DD4B37F00806373 /* Resources */ = {
			isa = PBXResourcesBuildPhase;
			buildActionMask = 2147483647;
			files = (
			);
			runOnlyForDeploymentPostprocessing = 0;
		};
		E8B476002DD4B37F00806373 /* Resources */ = {
			isa = PBXResourcesBuildPhase;
			buildActionMask = 2147483647;
			files = (
			);
			runOnlyForDeploymentPostprocessing = 0;
		};
/* End PBXResourcesBuildPhase section */

/* Begin PBXSourcesBuildPhase section */
		E8B475E32DD4B37C00806373 /* Sources */ = {
			isa = PBXSourcesBuildPhase;
			buildActionMask = 2147483647;
			files = (
			);
			runOnlyForDeploymentPostprocessing = 0;
		};
		E8B475F42DD4B37F00806373 /* Sources */ = {
			isa = PBXSourcesBuildPhase;
			buildActionMask = 2147483647;
			files = (
			);
			runOnlyForDeploymentPostprocessing = 0;
		};
		E8B475FE2DD4B37F00806373 /* Sources */ = {
			isa = PBXSourcesBuildPhase;
			buildActionMask = 2147483647;
			files = (
			);
			runOnlyForDeploymentPostprocessing = 0;
		};
/* End PBXSourcesBuildPhase section */

/* Begin PBXTargetDependency section */
		E8B475FA2DD4B37F00806373 /* PBXTargetDependency */ = {
			isa = PBXTargetDependency;
			target = E8B475E62DD4B37C00806373 /* LoveBooks */;
			targetProxy = E8B475F92DD4B37F00806373 /* PBXContainerItemProxy */;
		};
		E8B476042DD4B37F00806373 /* PBXTargetDependency */ = {
			isa = PBXTargetDependency;
			target = E8B475E62DD4B37C00806373 /* LoveBooks */;
			targetProxy = E8B476032DD4B37F00806373 /* PBXContainerItemProxy */;
		};
/* End PBXTargetDependency section */

/* Begin XCBuildConfiguration section */
		E8B4760A2DD4B37F00806373 /* Debug */ = {
			isa = XCBuildConfiguration;
			buildSettings = {
				ALWAYS_SEARCH_USER_PATHS = NO;
				ASSETCATALOG_COMPILER_GENERATE_SWIFT_ASSET_SYMBOL_EXTENSIONS = YES;
				CLANG_ANALYZER_NONNULL = YES;
				CLANG_ANALYZER_NUMBER_OBJECT_CONVERSION = YES_AGGRESSIVE;
				CLANG_CXX_LANGUAGE_STANDARD = "gnu++20";
				CLANG_ENABLE_MODULES = YES;
				CLANG_ENABLE_OBJC_ARC = YES;
				CLANG_ENABLE_OBJC_WEAK = YES;
				CLANG_WARN_BLOCK_CAPTURE_AUTORELEASING = YES;
				CLANG_WARN_BOOL_CONVERSION = YES;
				CLANG_WARN_COMMA = YES;
				CLANG_WARN_CONSTANT_CONVERSION = YES;
				CLANG_WARN_DEPRECATED_OBJC_IMPLEMENTATIONS = YES;
				CLANG_WARN_DIRECT_OBJC_ISA_USAGE = YES_ERROR;
				CLANG_WARN_DOCUMENTATION_COMMENTS = YES;
				CLANG_WARN_EMPTY_BODY = YES;
				CLANG_WARN_ENUM_CONVERSION = YES;
				CLANG_WARN_INFINITE_RECURSION = YES;
				CLANG_WARN_INT_CONVERSION = YES;
				CLANG_WARN_NON_LITERAL_NULL_CONVERSION = YES;
				CLANG_WARN_OBJC_IMPLICIT_RETAIN_SELF = YES;
				CLANG_WARN_OBJC_LITERAL_CONVERSION = YES;
				CLANG_WARN_OBJC_ROOT_CLASS = YES_ERROR;
				CLANG_WARN_QUOTED_INCLUDE_IN_FRAMEWORK_HEADER = YES;
				CLANG_WARN_RANGE_LOOP_ANALYSIS = YES;
				CLANG_WARN_STRICT_PROTOTYPES = YES;
				CLANG_WARN_SUSPICIOUS_MOVE = YES;
				CLANG_WARN_UNGUARDED_AVAILABILITY = YES_AGGRESSIVE;
				CLANG_WARN_UNREACHABLE_CODE = YES;
				CLANG_WARN__DUPLICATE_METHOD_MATCH = YES;
				COPY_PHASE_STRIP = NO;
				DEBUG_INFORMATION_FORMAT = dwarf;
				ENABLE_STRICT_OBJC_MSGSEND = YES;
				ENABLE_TESTABILITY = YES;
				ENABLE_USER_SCRIPT_SANDBOXING = YES;
				GCC_C_LANGUAGE_STANDARD = gnu17;
				GCC_DYNAMIC_NO_PIC = NO;
				GCC_NO_COMMON_BLOCKS = YES;
				GCC_OPTIMIZATION_LEVEL = 0;
				GCC_PREPROCESSOR_DEFINITIONS = (
					"DEBUG=1",
					"$(inherited)",
				);
				GCC_WARN_64_TO_32_BIT_CONVERSION = YES;
				GCC_WARN_ABOUT_RETURN_TYPE = YES_ERROR;
				GCC_WARN_UNDECLARED_SELECTOR = YES;
				GCC_WARN_UNINITIALIZED_AUTOS = YES_AGGRESSIVE;
				GCC_WARN_UNUSED_FUNCTION = YES;
				GCC_WARN_UNUSED_VARIABLE = YES;
				LOCALIZATION_PREFERS_STRING_CATALOGS = YES;
				MTL_ENABLE_DEBUG_INFO = INCLUDE_SOURCE;
				MTL_FAST_MATH = YES;
				ONLY_ACTIVE_ARCH = YES;
				SWIFT_ACTIVE_COMPILATION_CONDITIONS = "DEBUG $(inherited)";
				SWIFT_OPTIMIZATION_LEVEL = "-Onone";
			};
			name = Debug;
		};
		E8B4760B2DD4B37F00806373 /* Release */ = {
			isa = XCBuildConfiguration;
			buildSettings = {
				ALWAYS_SEARCH_USER_PATHS = NO;
				ASSETCATALOG_COMPILER_GENERATE_SWIFT_ASSET_SYMBOL_EXTENSIONS = YES;
				CLANG_ANALYZER_NONNULL = YES;
				CLANG_ANALYZER_NUMBER_OBJECT_CONVERSION = YES_AGGRESSIVE;
				CLANG_CXX_LANGUAGE_STANDARD = "gnu++20";
				CLANG_ENABLE_MODULES = YES;
				CLANG_ENABLE_OBJC_ARC = YES;
				CLANG_ENABLE_OBJC_WEAK = YES;
				CLANG_WARN_BLOCK_CAPTURE_AUTORELEASING = YES;
				CLANG_WARN_BOOL_CONVERSION = YES;
				CLANG_WARN_COMMA = YES;
				CLANG_WARN_CONSTANT_CONVERSION = YES;
				CLANG_WARN_DEPRECATED_OBJC_IMPLEMENTATIONS = YES;
				CLANG_WARN_DIRECT_OBJC_ISA_USAGE = YES_ERROR;
				CLANG_WARN_DOCUMENTATION_COMMENTS = YES;
				CLANG_WARN_EMPTY_BODY = YES;
				CLANG_WARN_ENUM_CONVERSION = YES;
				CLANG_WARN_INFINITE_RECURSION = YES;
				CLANG_WARN_INT_CONVERSION = YES;
				CLANG_WARN_NON_LITERAL_NULL_CONVERSION = YES;
				CLANG_WARN_OBJC_IMPLICIT_RETAIN_SELF = YES;
				CLANG_WARN_OBJC_LITERAL_CONVERSION = YES;
				CLANG_WARN_OBJC_ROOT_CLASS = YES_ERROR;
				CLANG_WARN_QUOTED_INCLUDE_IN_FRAMEWORK_HEADER = YES;
				CLANG_WARN_RANGE_LOOP_ANALYSIS = YES;
				CLANG_WARN_STRICT_PROTOTYPES = YES;
				CLANG_WARN_SUSPICIOUS_MOVE = YES;
				CLANG_WARN_UNGUARDED_AVAILABILITY = YES_AGGRESSIVE;
				CLANG_WARN_UNREACHABLE_CODE = YES;
				CLANG_WARN__DUPLICATE_METHOD_MATCH = YES;
				COPY_PHASE_STRIP = NO;
				DEBUG_INFORMATION_FORMAT = "dwarf-with-dsym";
				ENABLE_NS_ASSERTIONS = NO;
				ENABLE_STRICT_OBJC_MSGSEND = YES;
				ENABLE_USER_SCRIPT_SANDBOXING = YES;
				GCC_C_LANGUAGE_STANDARD = gnu17;
				GCC_NO_COMMON_BLOCKS = YES;
				GCC_WARN_64_TO_32_BIT_CONVERSION = YES;
				GCC_WARN_ABOUT_RETURN_TYPE = YES_ERROR;
				GCC_WARN_UNDECLARED_SELECTOR = YES;
				GCC_WARN_UNINITIALIZED_AUTOS = YES_AGGRESSIVE;
				GCC_WARN_UNUSED_FUNCTION = YES;
				GCC_WARN_UNUSED_VARIABLE = YES;
				LOCALIZATION_PREFERS_STRING_CATALOGS = YES;
				MTL_ENABLE_DEBUG_INFO = NO;
				MTL_FAST_MATH = YES;
				SWIFT_COMPILATION_MODE = wholemodule;
			};
			name = Release;
		};
		E8B4760D2DD4B37F00806373 /* Debug */ = {
			isa = XCBuildConfiguration;
			buildSettings = {
				ASSETCATALOG_COMPILER_APPICON_NAME = AppIcon;
				ASSETCATALOG_COMPILER_GLOBAL_ACCENT_COLOR_NAME = AccentColor;
				CODE_SIGN_ENTITLEMENTS = LoveBooks/LoveBooks.entitlements;
				CODE_SIGN_STYLE = Automatic;
				CURRENT_PROJECT_VERSION = 1;
				DEVELOPMENT_ASSET_PATHS = "\"LoveBooks/Preview Content\"";
				ENABLE_PREVIEWS = YES;
				GENERATE_INFOPLIST_FILE = YES;
				"INFOPLIST_KEY_UIApplicationSceneManifest_Generation[sdk=iphoneos*]" = YES;
				"INFOPLIST_KEY_UIApplicationSceneManifest_Generation[sdk=iphonesimulator*]" = YES;
				"INFOPLIST_KEY_UIApplicationSupportsIndirectInputEvents[sdk=iphoneos*]" = YES;
				"INFOPLIST_KEY_UIApplicationSupportsIndirectInputEvents[sdk=iphonesimulator*]" = YES;
				"INFOPLIST_KEY_UILaunchScreen_Generation[sdk=iphoneos*]" = YES;
				"INFOPLIST_KEY_UILaunchScreen_Generation[sdk=iphonesimulator*]" = YES;
				INFOPLIST_KEY_UIStatusBarStyle = "";
				"INFOPLIST_KEY_UIStatusBarStyle[sdk=iphoneos*]" = UIStatusBarStyleDefault;
				"INFOPLIST_KEY_UIStatusBarStyle[sdk=iphonesimulator*]" = UIStatusBarStyleDefault;
				INFOPLIST_KEY_UISupportedInterfaceOrientations_iPad = "UIInterfaceOrientationPortrait UIInterfaceOrientationPortraitUpsideDown UIInterfaceOrientationLandscapeLeft UIInterfaceOrientationLandscapeRight";
				INFOPLIST_KEY_UISupportedInterfaceOrientations_iPhone = "UIInterfaceOrientationPortrait UIInterfaceOrientationLandscapeLeft UIInterfaceOrientationLandscapeRight";
				IPHONEOS_DEPLOYMENT_TARGET = 18.2;
				LD_RUNPATH_SEARCH_PATHS = "@executable_path/Frameworks";
				"LD_RUNPATH_SEARCH_PATHS[sdk=macosx*]" = "@executable_path/../Frameworks";
				MACOSX_DEPLOYMENT_TARGET = 15.2;
				MARKETING_VERSION = 1.0;
				PRODUCT_BUNDLE_IDENTIFIER = ejercicios.LoveBooks;
				PRODUCT_NAME = "$(TARGET_NAME)";
				SDKROOT = auto;
				SUPPORTED_PLATFORMS = "iphoneos iphonesimulator macosx xros xrsimulator";
				SWIFT_EMIT_LOC_STRINGS = YES;
				SWIFT_VERSION = 5.0;
				TARGETED_DEVICE_FAMILY = "1,2,7";
				XROS_DEPLOYMENT_TARGET = 2.2;
			};
			name = Debug;
		};
		E8B4760E2DD4B37F00806373 /* Release */ = {
			isa = XCBuildConfiguration;
			buildSettings = {
				ASSETCATALOG_COMPILER_APPICON_NAME = AppIcon;
				ASSETCATALOG_COMPILER_GLOBAL_ACCENT_COLOR_NAME = AccentColor;
				CODE_SIGN_ENTITLEMENTS = LoveBooks/LoveBooks.entitlements;
				CODE_SIGN_STYLE = Automatic;
				CURRENT_PROJECT_VERSION = 1;
				DEVELOPMENT_ASSET_PATHS = "\"LoveBooks/Preview Content\"";
				ENABLE_PREVIEWS = YES;
				GENERATE_INFOPLIST_FILE = YES;
				"INFOPLIST_KEY_UIApplicationSceneManifest_Generation[sdk=iphoneos*]" = YES;
				"INFOPLIST_KEY_UIApplicationSceneManifest_Generation[sdk=iphonesimulator*]" = YES;
				"INFOPLIST_KEY_UIApplicationSupportsIndirectInputEvents[sdk=iphoneos*]" = YES;
				"INFOPLIST_KEY_UIApplicationSupportsIndirectInputEvents[sdk=iphonesimulator*]" = YES;
				"INFOPLIST_KEY_UILaunchScreen_Generation[sdk=iphoneos*]" = YES;
				"INFOPLIST_KEY_UILaunchScreen_Generation[sdk=iphonesimulator*]" = YES;
				INFOPLIST_KEY_UIStatusBarStyle = "";
				"INFOPLIST_KEY_UIStatusBarStyle[sdk=iphoneos*]" = UIStatusBarStyleDefault;
				"INFOPLIST_KEY_UIStatusBarStyle[sdk=iphonesimulator*]" = UIStatusBarStyleDefault;
				INFOPLIST_KEY_UISupportedInterfaceOrientations_iPad = "UIInterfaceOrientationPortrait UIInterfaceOrientationPortraitUpsideDown UIInterfaceOrientationLandscapeLeft UIInterfaceOrientationLandscapeRight";
				INFOPLIST_KEY_UISupportedInterfaceOrientations_iPhone = "UIInterfaceOrientationPortrait UIInterfaceOrientationLandscapeLeft UIInterfaceOrientationLandscapeRight";
				IPHONEOS_DEPLOYMENT_TARGET = 18.2;
				LD_RUNPATH_SEARCH_PATHS = "@executable_path/Frameworks";
				"LD_RUNPATH_SEARCH_PATHS[sdk=macosx*]" = "@executable_path/../Frameworks";
				MACOSX_DEPLOYMENT_TARGET = 15.2;
				MARKETING_VERSION = 1.0;
				PRODUCT_BUNDLE_IDENTIFIER = ejercicios.LoveBooks;
				PRODUCT_NAME = "$(TARGET_NAME)";
				SDKROOT = auto;
				SUPPORTED_PLATFORMS = "iphoneos iphonesimulator macosx xros xrsimulator";
				SWIFT_EMIT_LOC_STRINGS = YES;
				SWIFT_VERSION = 5.0;
				TARGETED_DEVICE_FAMILY = "1,2,7";
				XROS_DEPLOYMENT_TARGET = 2.2;
			};
			name = Release;
		};
		E8B476102DD4B37F00806373 /* Debug */ = {
			isa = XCBuildConfiguration;
			buildSettings = {
				BUNDLE_LOADER = "$(TEST_HOST)";
				CODE_SIGN_STYLE = Automatic;
				CURRENT_PROJECT_VERSION = 1;
				GENERATE_INFOPLIST_FILE = YES;
				IPHONEOS_DEPLOYMENT_TARGET = 18.2;
				MACOSX_DEPLOYMENT_TARGET = 15.2;
				MARKETING_VERSION = 1.0;
				PRODUCT_BUNDLE_IDENTIFIER = ejercicios.LoveBooksTests;
				PRODUCT_NAME = "$(TARGET_NAME)";
				SDKROOT = auto;
				SUPPORTED_PLATFORMS = "iphoneos iphonesimulator macosx xros xrsimulator";
				SWIFT_EMIT_LOC_STRINGS = NO;
				SWIFT_VERSION = 5.0;
				TARGETED_DEVICE_FAMILY = "1,2,7";
				TEST_HOST = "$(BUILT_PRODUCTS_DIR)/LoveBooks.app/$(BUNDLE_EXECUTABLE_FOLDER_PATH)/LoveBooks";
				XROS_DEPLOYMENT_TARGET = 2.2;
			};
			name = Debug;
		};
		E8B476112DD4B37F00806373 /* Release */ = {
			isa = XCBuildConfiguration;
			buildSettings = {
				BUNDLE_LOADER = "$(TEST_HOST)";
				CODE_SIGN_STYLE = Automatic;
				CURRENT_PROJECT_VERSION = 1;
				GENERATE_INFOPLIST_FILE = YES;
				IPHONEOS_DEPLOYMENT_TARGET = 18.2;
				MACOSX_DEPLOYMENT_TARGET = 15.2;
				MARKETING_VERSION = 1.0;
				PRODUCT_BUNDLE_IDENTIFIER = ejercicios.LoveBooksTests;
				PRODUCT_NAME = "$(TARGET_NAME)";
				SDKROOT = auto;
				SUPPORTED_PLATFORMS = "iphoneos iphonesimulator macosx xros xrsimulator";
				SWIFT_EMIT_LOC_STRINGS = NO;
				SWIFT_VERSION = 5.0;
				TARGETED_DEVICE_FAMILY = "1,2,7";
				TEST_HOST = "$(BUILT_PRODUCTS_DIR)/LoveBooks.app/$(BUNDLE_EXECUTABLE_FOLDER_PATH)/LoveBooks";
				XROS_DEPLOYMENT_TARGET = 2.2;
			};
			name = Release;
		};
		E8B476132DD4B37F00806373 /* Debug */ = {
			isa = XCBuildConfiguration;
			buildSettings = {
				CODE_SIGN_STYLE = Automatic;
				CURRENT_PROJECT_VERSION = 1;
				GENERATE_INFOPLIST_FILE = YES;
				IPHONEOS_DEPLOYMENT_TARGET = 18.2;
				MACOSX_DEPLOYMENT_TARGET = 15.2;
				MARKETING_VERSION = 1.0;
				PRODUCT_BUNDLE_IDENTIFIER = ejercicios.LoveBooksUITests;
				PRODUCT_NAME = "$(TARGET_NAME)";
				SDKROOT = auto;
				SUPPORTED_PLATFORMS = "iphoneos iphonesimulator macosx xros xrsimulator";
				SWIFT_EMIT_LOC_STRINGS = NO;
				SWIFT_VERSION = 5.0;
				TARGETED_DEVICE_FAMILY = "1,2,7";
				TEST_TARGET_NAME = LoveBooks;
				XROS_DEPLOYMENT_TARGET = 2.2;
			};
			name = Debug;
		};
		E8B476142DD4B37F00806373 /* Release */ = {
			isa = XCBuildConfiguration;
			buildSettings = {
				CODE_SIGN_STYLE = Automatic;
				CURRENT_PROJECT_VERSION = 1;
				GENERATE_INFOPLIST_FILE = YES;
				IPHONEOS_DEPLOYMENT_TARGET = 18.2;
				MACOSX_DEPLOYMENT_TARGET = 15.2;
				MARKETING_VERSION = 1.0;
				PRODUCT_BUNDLE_IDENTIFIER = ejercicios.LoveBooksUITests;
				PRODUCT_NAME = "$(TARGET_NAME)";
				SDKROOT = auto;
				SUPPORTED_PLATFORMS = "iphoneos iphonesimulator macosx xros xrsimulator";
				SWIFT_EMIT_LOC_STRINGS = NO;
				SWIFT_VERSION = 5.0;
				TARGETED_DEVICE_FAMILY = "1,2,7";
				TEST_TARGET_NAME = LoveBooks;
				XROS_DEPLOYMENT_TARGET = 2.2;
			};
			name = Release;
		};
/* End XCBuildConfiguration section */

/* Begin XCConfigurationList section */
		E8B475E22DD4B37C00806373 /* Build configuration list for PBXProject "LoveBooks" */ = {
			isa = XCConfigurationList;
			buildConfigurations = (
				E8B4760A2DD4B37F00806373 /* Debug */,
				E8B4760B2DD4B37F00806373 /* Release */,
			);
			defaultConfigurationIsVisible = 0;
			defaultConfigurationName = Release;
		};
		E8B4760C2DD4B37F00806373 /* Build configuration list for PBXNativeTarget "LoveBooks" */ = {
			isa = XCConfigurationList;
			buildConfigurations = (
				E8B4760D2DD4B37F00806373 /* Debug */,
				E8B4760E2DD4B37F00806373 /* Release */,
			);
			defaultConfigurationIsVisible = 0;
			defaultConfigurationName = Release;
		};
		E8B4760F2DD4B37F00806373 /* Build configuration list for PBXNativeTarget "LoveBooksTests" */ = {
			isa = XCConfigurationList;
			buildConfigurations = (
				E8B476102DD4B37F00806373 /* Debug */,
				E8B476112DD4B37F00806373 /* Release */,
			);
			defaultConfigurationIsVisible = 0;
			defaultConfigurationName = Release;
		};
		E8B476122DD4B37F00806373 /* Build configuration list for PBXNativeTarget "LoveBooksUITests" */ = {
			isa = XCConfigurationList;
			buildConfigurations = (
				E8B476132DD4B37F00806373 /* Debug */,
				E8B476142DD4B37F00806373 /* Release */,
			);
			defaultConfigurationIsVisible = 0;
			defaultConfigurationName = Release;
		};
/* End XCConfigurationList section */

/* Begin XCRemoteSwiftPackageReference section */
		E8E46ADE2DDB2A3300EB03E4 /* XCRemoteSwiftPackageReference "firebase-ios-sdk" */ = {
			isa = XCRemoteSwiftPackageReference;
			repositoryURL = "https://github.com/firebase/firebase-ios-sdk";
			requirement = {
				kind = upToNextMajorVersion;
				minimumVersion = 11.12.0;
			};
		};
/* End XCRemoteSwiftPackageReference section */

/* Begin XCSwiftPackageProductDependency section */
		E8E46ADF2DDB2A3400EB03E4 /* FirebaseAnalytics */ = {
			isa = XCSwiftPackageProductDependency;
			package = E8E46ADE2DDB2A3300EB03E4 /* XCRemoteSwiftPackageReference "firebase-ios-sdk" */;
			productName = FirebaseAnalytics;
		};
		E8E46AE12DDB2A3400EB03E4 /* FirebaseAnalyticsOnDeviceConversion */ = {
			isa = XCSwiftPackageProductDependency;
			package = E8E46ADE2DDB2A3300EB03E4 /* XCRemoteSwiftPackageReference "firebase-ios-sdk" */;
			productName = FirebaseAnalyticsOnDeviceConversion;
		};
		E8E46AE32DDB2A3400EB03E4 /* FirebaseAnalyticsWithoutAdIdSupport */ = {
			isa = XCSwiftPackageProductDependency;
			package = E8E46ADE2DDB2A3300EB03E4 /* XCRemoteSwiftPackageReference "firebase-ios-sdk" */;
			productName = FirebaseAnalyticsWithoutAdIdSupport;
		};
		E8E46AE52DDB2A3400EB03E4 /* FirebaseAppCheck */ = {
			isa = XCSwiftPackageProductDependency;
			package = E8E46ADE2DDB2A3300EB03E4 /* XCRemoteSwiftPackageReference "firebase-ios-sdk" */;
			productName = FirebaseAppCheck;
		};
		E8E46AE72DDB2A3400EB03E4 /* FirebaseAppDistribution-Beta */ = {
			isa = XCSwiftPackageProductDependency;
			package = E8E46ADE2DDB2A3300EB03E4 /* XCRemoteSwiftPackageReference "firebase-ios-sdk" */;
			productName = "FirebaseAppDistribution-Beta";
		};
		E8E46AE92DDB2A3400EB03E4 /* FirebaseAuth */ = {
			isa = XCSwiftPackageProductDependency;
			package = E8E46ADE2DDB2A3300EB03E4 /* XCRemoteSwiftPackageReference "firebase-ios-sdk" */;
			productName = FirebaseAuth;
		};
		E8E46AEB2DDB2A3400EB03E4 /* FirebaseAuthCombine-Community */ = {
			isa = XCSwiftPackageProductDependency;
			package = E8E46ADE2DDB2A3300EB03E4 /* XCRemoteSwiftPackageReference "firebase-ios-sdk" */;
			productName = "FirebaseAuthCombine-Community";
		};
		E8E46AED2DDB2A3400EB03E4 /* FirebaseCore */ = {
			isa = XCSwiftPackageProductDependency;
			package = E8E46ADE2DDB2A3300EB03E4 /* XCRemoteSwiftPackageReference "firebase-ios-sdk" */;
			productName = FirebaseCore;
		};
		E8E46AEF2DDB2A3400EB03E4 /* FirebaseCrashlytics */ = {
			isa = XCSwiftPackageProductDependency;
			package = E8E46ADE2DDB2A3300EB03E4 /* XCRemoteSwiftPackageReference "firebase-ios-sdk" */;
			productName = FirebaseCrashlytics;
		};
		E8E46AF12DDB2A3400EB03E4 /* FirebaseDatabase */ = {
			isa = XCSwiftPackageProductDependency;
			package = E8E46ADE2DDB2A3300EB03E4 /* XCRemoteSwiftPackageReference "firebase-ios-sdk" */;
			productName = FirebaseDatabase;
		};
		E8E46AF32DDB2A3400EB03E4 /* FirebaseDynamicLinks */ = {
			isa = XCSwiftPackageProductDependency;
			package = E8E46ADE2DDB2A3300EB03E4 /* XCRemoteSwiftPackageReference "firebase-ios-sdk" */;
			productName = FirebaseDynamicLinks;
		};
		E8E46AF52DDB2A3400EB03E4 /* FirebaseFirestore */ = {
			isa = XCSwiftPackageProductDependency;
			package = E8E46ADE2DDB2A3300EB03E4 /* XCRemoteSwiftPackageReference "firebase-ios-sdk" */;
			productName = FirebaseFirestore;
		};
		E8E46AF72DDB2A3400EB03E4 /* FirebaseFirestoreCombine-Community */ = {
			isa = XCSwiftPackageProductDependency;
			package = E8E46ADE2DDB2A3300EB03E4 /* XCRemoteSwiftPackageReference "firebase-ios-sdk" */;
			productName = "FirebaseFirestoreCombine-Community";
		};
		E8E46AF92DDB2A3400EB03E4 /* FirebaseFunctions */ = {
			isa = XCSwiftPackageProductDependency;
			package = E8E46ADE2DDB2A3300EB03E4 /* XCRemoteSwiftPackageReference "firebase-ios-sdk" */;
			productName = FirebaseFunctions;
		};
		E8E46AFB2DDB2A3400EB03E4 /* FirebaseFunctionsCombine-Community */ = {
			isa = XCSwiftPackageProductDependency;
			package = E8E46ADE2DDB2A3300EB03E4 /* XCRemoteSwiftPackageReference "firebase-ios-sdk" */;
			productName = "FirebaseFunctionsCombine-Community";
		};
		E8E46AFD2DDB2A3400EB03E4 /* FirebaseInAppMessaging-Beta */ = {
			isa = XCSwiftPackageProductDependency;
			package = E8E46ADE2DDB2A3300EB03E4 /* XCRemoteSwiftPackageReference "firebase-ios-sdk" */;
			productName = "FirebaseInAppMessaging-Beta";
		};
		E8E46AFF2DDB2A3400EB03E4 /* FirebaseInstallations */ = {
			isa = XCSwiftPackageProductDependency;
			package = E8E46ADE2DDB2A3300EB03E4 /* XCRemoteSwiftPackageReference "firebase-ios-sdk" */;
			productName = FirebaseInstallations;
		};
		E8E46B012DDB2A3400EB03E4 /* FirebaseMLModelDownloader */ = {
			isa = XCSwiftPackageProductDependency;
			package = E8E46ADE2DDB2A3300EB03E4 /* XCRemoteSwiftPackageReference "firebase-ios-sdk" */;
			productName = FirebaseMLModelDownloader;
		};
		E8E46B032DDB2A3400EB03E4 /* FirebaseMessaging */ = {
			isa = XCSwiftPackageProductDependency;
			package = E8E46ADE2DDB2A3300EB03E4 /* XCRemoteSwiftPackageReference "firebase-ios-sdk" */;
			productName = FirebaseMessaging;
		};
		E8E46B052DDB2A3400EB03E4 /* FirebasePerformance */ = {
			isa = XCSwiftPackageProductDependency;
			package = E8E46ADE2DDB2A3300EB03E4 /* XCRemoteSwiftPackageReference "firebase-ios-sdk" */;
			productName = FirebasePerformance;
		};
		E8E46B072DDB2A3400EB03E4 /* FirebaseRemoteConfig */ = {
			isa = XCSwiftPackageProductDependency;
			package = E8E46ADE2DDB2A3300EB03E4 /* XCRemoteSwiftPackageReference "firebase-ios-sdk" */;
			productName = FirebaseRemoteConfig;
		};
		E8E46B092DDB2A3400EB03E4 /* FirebaseStorage */ = {
			isa = XCSwiftPackageProductDependency;
			package = E8E46ADE2DDB2A3300EB03E4 /* XCRemoteSwiftPackageReference "firebase-ios-sdk" */;
			productName = FirebaseStorage;
		};
		E8E46B0B2DDB2A3400EB03E4 /* FirebaseStorageCombine-Community */ = {
			isa = XCSwiftPackageProductDependency;
			package = E8E46ADE2DDB2A3300EB03E4 /* XCRemoteSwiftPackageReference "firebase-ios-sdk" */;
			productName = "FirebaseStorageCombine-Community";
		};
		E8E46B0D2DDB2A3400EB03E4 /* FirebaseVertexAI */ = {
			isa = XCSwiftPackageProductDependency;
			package = E8E46ADE2DDB2A3300EB03E4 /* XCRemoteSwiftPackageReference "firebase-ios-sdk" */;
			productName = FirebaseVertexAI;
		};
/* End XCSwiftPackageProductDependency section */
	};
	rootObject = E8B475DF2DD4B37C00806373 /* Project object */;
}
